
Microsoft Visual Studio Solution File, Format Version 12.00
# Visual Studio 15
VisualStudioVersion = 15.0.26730.16
MinimumVisualStudioVersion = 10.0.40219.1
Project("{888888A0-9F3D-457C-B088-3A5042F75D52}") = "InteractiveDictionary", "InteractiveDictionary\InteractiveDictionary.pyproj", "{9225AE1B-CAB4-4D8E-9760-68EFFF260722}"
EndProject
Global
	GlobalSection(SolutionConfigurationPlatforms) = preSolution
		Debug|Any CPU = Debug|Any CPU
		Release|Any CPU = Release|Any CPU
	EndGlobalSection
	GlobalSection(ProjectConfigurationPlatforms) = postSolution
		{9225AE1B-CAB4-4D8E-9760-68EFFF260722}.Debug|Any CPU.ActiveCfg = Debug|Any CPU
		{9225AE1B-CAB4-4D8E-9760-68EFFF260722}.Release|Any CPU.ActiveCfg = Release|Any CPU
	EndGlobalSection
	GlobalSection(SolutionProperties) = preSolution
		HideSolutionNode = FALSE
	EndGlobalSection
	GlobalSection(ExtensibilityGlobals) = postSolution
		SolutionGuid = {7B20BFA5-BB27-4C46-A5AC-CC013EDC473D}
	EndGlobalSection
EndGlobal
